{
  "name": "03_file-handling",
  "version": "1.0.0",
  "lockfileVersion": 3,
  "requires": true,
  "packages": {
    "": {
      "name": "03_file-handling",
      "version": "1.0.0",
      "license": "ISC",
      "dependencies": {
        "03_file-handling": "file:"
      }
    },
    "node_modules/03_file-handling": {
      "resolved": "",
      "link": true
    }
  }
}
