{
  "name": "01_first-programme",
  "version": "1.0.0",
  "lockfileVersion": 3,
  "requires": true,
  "packages": {
    "": {
      "name": "01_first-programme",
      "version": "1.0.0",
      "license": "ISC",
      "dependencies": {
        "01_first-programme": "file:"
      }
    },
    "node_modules/01_first-programme": {
      "resolved": "",
      "link": true
    }
  }
}
